
Microsoft Visual Studio Solution File, Format Version 12.00
# Visual Studio 15
VisualStudioVersion = 15.0.28307.136
MinimumVisualStudioVersion = 10.0.40219.1
Project("{2150E333-8FDC-42A3-9474-1A3956D46DE8}") = "src", "src", "{C6374877-A210-4BAB-97FE-BC45DAF4A16C}"
EndProject
Project("{2150E333-8FDC-42A3-9474-1A3956D46DE8}") = "Presentation", "Presentation", "{EB76B10B-27D7-4D9B-B89F-96B234EED0F5}"
EndProject
Project("{9A19103F-16F7-4668-BE54-9A1E7A4F7556}") = "SmartSAR.Presentation.WebUI", "SmartSAR.Presentation.WebUI\SmartSAR.Presentation.WebUI.csproj", "{5EA3D2F1-2843-4827-A88C-51AF32636198}"
EndProject
Project("{2150E333-8FDC-42A3-9474-1A3956D46DE8}") = "BoundedContexts", "BoundedContexts", "{9542F15E-FF2F-4193-A34D-C04DCC137625}"
EndProject
Project("{2150E333-8FDC-42A3-9474-1A3956D46DE8}") = "Identity", "Identity", "{72E1B51A-8953-46D3-AB23-3E21A02F2528}"
	ProjectSection(SolutionItems) = preProject
		Readme.md = Readme.md
	EndProjectSection
EndProject
Project("{9A19103F-16F7-4668-BE54-9A1E7A4F7556}") = "SmartSAR.BC.Identity.Infrastructure", "SmartSAR.BC.Identity.Infrastructure\SmartSAR.BC.Identity.Infrastructure.csproj", "{02F2DB54-0C93-414C-B70F-1933D75F402F}"
EndProject
Project("{2150E333-8FDC-42A3-9474-1A3956D46DE8}") = "docs", "docs", "{A161F120-60C0-4F36-888B-55F79288E157}"
	ProjectSection(SolutionItems) = preProject
		Database migration commands.txt = Database migration commands.txt
	EndProjectSection
EndProject
Project("{9A19103F-16F7-4668-BE54-9A1E7A4F7556}") = "SmartSAR.BC.Common", "SmartSAR.BC.Common\SmartSAR.BC.Common.csproj", "{0338DA49-48BF-4AA8-8782-90FC2D6DCA24}"
EndProject
Global
	GlobalSection(SolutionConfigurationPlatforms) = preSolution
		Debug|Any CPU = Debug|Any CPU
		Release|Any CPU = Release|Any CPU
	EndGlobalSection
	GlobalSection(ProjectConfigurationPlatforms) = postSolution
		{5EA3D2F1-2843-4827-A88C-51AF32636198}.Debug|Any CPU.ActiveCfg = Debug|Any CPU
		{5EA3D2F1-2843-4827-A88C-51AF32636198}.Debug|Any CPU.Build.0 = Debug|Any CPU
		{5EA3D2F1-2843-4827-A88C-51AF32636198}.Release|Any CPU.ActiveCfg = Release|Any CPU
		{5EA3D2F1-2843-4827-A88C-51AF32636198}.Release|Any CPU.Build.0 = Release|Any CPU
		{02F2DB54-0C93-414C-B70F-1933D75F402F}.Debug|Any CPU.ActiveCfg = Debug|Any CPU
		{02F2DB54-0C93-414C-B70F-1933D75F402F}.Debug|Any CPU.Build.0 = Debug|Any CPU
		{02F2DB54-0C93-414C-B70F-1933D75F402F}.Release|Any CPU.ActiveCfg = Release|Any CPU
		{02F2DB54-0C93-414C-B70F-1933D75F402F}.Release|Any CPU.Build.0 = Release|Any CPU
		{0338DA49-48BF-4AA8-8782-90FC2D6DCA24}.Debug|Any CPU.ActiveCfg = Debug|Any CPU
		{0338DA49-48BF-4AA8-8782-90FC2D6DCA24}.Debug|Any CPU.Build.0 = Debug|Any CPU
		{0338DA49-48BF-4AA8-8782-90FC2D6DCA24}.Release|Any CPU.ActiveCfg = Release|Any CPU
		{0338DA49-48BF-4AA8-8782-90FC2D6DCA24}.Release|Any CPU.Build.0 = Release|Any CPU
	EndGlobalSection
	GlobalSection(SolutionProperties) = preSolution
		HideSolutionNode = FALSE
	EndGlobalSection
	GlobalSection(NestedProjects) = preSolution
		{EB76B10B-27D7-4D9B-B89F-96B234EED0F5} = {C6374877-A210-4BAB-97FE-BC45DAF4A16C}
		{5EA3D2F1-2843-4827-A88C-51AF32636198} = {EB76B10B-27D7-4D9B-B89F-96B234EED0F5}
		{9542F15E-FF2F-4193-A34D-C04DCC137625} = {C6374877-A210-4BAB-97FE-BC45DAF4A16C}
		{72E1B51A-8953-46D3-AB23-3E21A02F2528} = {9542F15E-FF2F-4193-A34D-C04DCC137625}
		{02F2DB54-0C93-414C-B70F-1933D75F402F} = {72E1B51A-8953-46D3-AB23-3E21A02F2528}
		{0338DA49-48BF-4AA8-8782-90FC2D6DCA24} = {9542F15E-FF2F-4193-A34D-C04DCC137625}
	EndGlobalSection
	GlobalSection(ExtensibilityGlobals) = postSolution
		SolutionGuid = {C73CD30A-B7F0-46F6-9F22-12EAAB0C1DC7}
	EndGlobalSection
EndGlobal
