
Microsoft Visual Studio Solution File, Format Version 12.00
# Visual Studio 15
VisualStudioVersion = 15.0.28307.136
MinimumVisualStudioVersion = 10.0.40219.1
Project("{2150E333-8FDC-42A3-9474-1A3956D46DE8}") = "src", "src", "{C6374877-A210-4BAB-97FE-BC45DAF4A16C}"
EndProject
Project("{2150E333-8FDC-42A3-9474-1A3956D46DE8}") = "Presentation", "Presentation", "{EB76B10B-27D7-4D9B-B89F-96B234EED0F5}"
EndProject
Project("{9A19103F-16F7-4668-BE54-9A1E7A4F7556}") = "Presentation.WebUI", "SmartSAR.Presentation.WebUI\Presentation.WebUI.csproj", "{5EA3D2F1-2843-4827-A88C-51AF32636198}"
EndProject
Project("{2150E333-8FDC-42A3-9474-1A3956D46DE8}") = "BoundedContexts", "BoundedContexts", "{9542F15E-FF2F-4193-A34D-C04DCC137625}"
EndProject
Project("{2150E333-8FDC-42A3-9474-1A3956D46DE8}") = "Identity", "Identity", "{72E1B51A-8953-46D3-AB23-3E21A02F2528}"
	ProjectSection(SolutionItems) = preProject
		Readme.md = Readme.md
	EndProjectSection
EndProject
Project("{9A19103F-16F7-4668-BE54-9A1E7A4F7556}") = "Contexts.Identity.Data", "SmartSAR.BC.Identity.Infrastructure\Contexts.Identity.Data.csproj", "{02F2DB54-0C93-414C-B70F-1933D75F402F}"
EndProject
Project("{2150E333-8FDC-42A3-9474-1A3956D46DE8}") = "docs", "docs", "{A161F120-60C0-4F36-888B-55F79288E157}"
	ProjectSection(SolutionItems) = preProject
		Credits.txt = Credits.txt
		Database migration commands.txt = Database migration commands.txt
	EndProjectSection
EndProject
Project("{9A19103F-16F7-4668-BE54-9A1E7A4F7556}") = "Contexts.Common", "SmartSAR.BC.Common\Contexts.Common.csproj", "{0338DA49-48BF-4AA8-8782-90FC2D6DCA24}"
EndProject
Project("{2150E333-8FDC-42A3-9474-1A3956D46DE8}") = "Membership", "Membership", "{986BAC5C-11F2-479D-AFC2-E875D47BD686}"
EndProject
Project("{9A19103F-16F7-4668-BE54-9A1E7A4F7556}") = "Contexts.Membership.Domain", "SmartSAR.BC.Membership.Domain\Contexts.Membership.Domain.csproj", "{DEEFB8B5-9312-40AC-A593-CB1B3622FC02}"
EndProject
Project("{2150E333-8FDC-42A3-9474-1A3956D46DE8}") = "tests", "tests", "{3A22A1C9-D6DF-4167-923F-F3D1B4C3C73B}"
EndProject
Project("{9A19103F-16F7-4668-BE54-9A1E7A4F7556}") = "UnitTests.Contexts.Membership", "UnitTests.Membership\UnitTests.Contexts.Membership.csproj", "{AB0CD48C-1F47-43D3-921A-FD88A3C8D051}"
EndProject
Project("{9A19103F-16F7-4668-BE54-9A1E7A4F7556}") = "UnitTests.Contexts.Common", "UnitTests.BoundedContextsCommon\UnitTests.Contexts.Common.csproj", "{D60B947A-1344-4249-B6FF-EBACD75052FB}"
EndProject
Project("{9A19103F-16F7-4668-BE54-9A1E7A4F7556}") = "Contexts.Membership.Data", "Contexts.Membership.Data\Contexts.Membership.Data.csproj", "{11181BA0-EC30-47A8-80B8-17614D0ECE05}"
EndProject
Project("{9A19103F-16F7-4668-BE54-9A1E7A4F7556}") = "Contexts.Membership.Application", "Contexts.Membership.Application\Contexts.Membership.Application.csproj", "{509ADEA0-D638-4387-B501-35533C153BED}"
EndProject
Global
	GlobalSection(SolutionConfigurationPlatforms) = preSolution
		Debug|Any CPU = Debug|Any CPU
		Release|Any CPU = Release|Any CPU
	EndGlobalSection
	GlobalSection(ProjectConfigurationPlatforms) = postSolution
		{5EA3D2F1-2843-4827-A88C-51AF32636198}.Debug|Any CPU.ActiveCfg = Debug|Any CPU
		{5EA3D2F1-2843-4827-A88C-51AF32636198}.Debug|Any CPU.Build.0 = Debug|Any CPU
		{5EA3D2F1-2843-4827-A88C-51AF32636198}.Release|Any CPU.ActiveCfg = Release|Any CPU
		{5EA3D2F1-2843-4827-A88C-51AF32636198}.Release|Any CPU.Build.0 = Release|Any CPU
		{02F2DB54-0C93-414C-B70F-1933D75F402F}.Debug|Any CPU.ActiveCfg = Debug|Any CPU
		{02F2DB54-0C93-414C-B70F-1933D75F402F}.Debug|Any CPU.Build.0 = Debug|Any CPU
		{02F2DB54-0C93-414C-B70F-1933D75F402F}.Release|Any CPU.ActiveCfg = Release|Any CPU
		{02F2DB54-0C93-414C-B70F-1933D75F402F}.Release|Any CPU.Build.0 = Release|Any CPU
		{0338DA49-48BF-4AA8-8782-90FC2D6DCA24}.Debug|Any CPU.ActiveCfg = Debug|Any CPU
		{0338DA49-48BF-4AA8-8782-90FC2D6DCA24}.Debug|Any CPU.Build.0 = Debug|Any CPU
		{0338DA49-48BF-4AA8-8782-90FC2D6DCA24}.Release|Any CPU.ActiveCfg = Release|Any CPU
		{0338DA49-48BF-4AA8-8782-90FC2D6DCA24}.Release|Any CPU.Build.0 = Release|Any CPU
		{DEEFB8B5-9312-40AC-A593-CB1B3622FC02}.Debug|Any CPU.ActiveCfg = Debug|Any CPU
		{DEEFB8B5-9312-40AC-A593-CB1B3622FC02}.Debug|Any CPU.Build.0 = Debug|Any CPU
		{DEEFB8B5-9312-40AC-A593-CB1B3622FC02}.Release|Any CPU.ActiveCfg = Release|Any CPU
		{DEEFB8B5-9312-40AC-A593-CB1B3622FC02}.Release|Any CPU.Build.0 = Release|Any CPU
		{AB0CD48C-1F47-43D3-921A-FD88A3C8D051}.Debug|Any CPU.ActiveCfg = Debug|Any CPU
		{AB0CD48C-1F47-43D3-921A-FD88A3C8D051}.Debug|Any CPU.Build.0 = Debug|Any CPU
		{AB0CD48C-1F47-43D3-921A-FD88A3C8D051}.Release|Any CPU.ActiveCfg = Release|Any CPU
		{AB0CD48C-1F47-43D3-921A-FD88A3C8D051}.Release|Any CPU.Build.0 = Release|Any CPU
		{D60B947A-1344-4249-B6FF-EBACD75052FB}.Debug|Any CPU.ActiveCfg = Debug|Any CPU
		{D60B947A-1344-4249-B6FF-EBACD75052FB}.Debug|Any CPU.Build.0 = Debug|Any CPU
		{D60B947A-1344-4249-B6FF-EBACD75052FB}.Release|Any CPU.ActiveCfg = Release|Any CPU
		{D60B947A-1344-4249-B6FF-EBACD75052FB}.Release|Any CPU.Build.0 = Release|Any CPU
		{11181BA0-EC30-47A8-80B8-17614D0ECE05}.Debug|Any CPU.ActiveCfg = Debug|Any CPU
		{11181BA0-EC30-47A8-80B8-17614D0ECE05}.Debug|Any CPU.Build.0 = Debug|Any CPU
		{11181BA0-EC30-47A8-80B8-17614D0ECE05}.Release|Any CPU.ActiveCfg = Release|Any CPU
		{11181BA0-EC30-47A8-80B8-17614D0ECE05}.Release|Any CPU.Build.0 = Release|Any CPU
		{509ADEA0-D638-4387-B501-35533C153BED}.Debug|Any CPU.ActiveCfg = Debug|Any CPU
		{509ADEA0-D638-4387-B501-35533C153BED}.Debug|Any CPU.Build.0 = Debug|Any CPU
		{509ADEA0-D638-4387-B501-35533C153BED}.Release|Any CPU.ActiveCfg = Release|Any CPU
		{509ADEA0-D638-4387-B501-35533C153BED}.Release|Any CPU.Build.0 = Release|Any CPU
	EndGlobalSection
	GlobalSection(SolutionProperties) = preSolution
		HideSolutionNode = FALSE
	EndGlobalSection
	GlobalSection(NestedProjects) = preSolution
		{EB76B10B-27D7-4D9B-B89F-96B234EED0F5} = {C6374877-A210-4BAB-97FE-BC45DAF4A16C}
		{5EA3D2F1-2843-4827-A88C-51AF32636198} = {EB76B10B-27D7-4D9B-B89F-96B234EED0F5}
		{9542F15E-FF2F-4193-A34D-C04DCC137625} = {C6374877-A210-4BAB-97FE-BC45DAF4A16C}
		{72E1B51A-8953-46D3-AB23-3E21A02F2528} = {9542F15E-FF2F-4193-A34D-C04DCC137625}
		{02F2DB54-0C93-414C-B70F-1933D75F402F} = {72E1B51A-8953-46D3-AB23-3E21A02F2528}
		{0338DA49-48BF-4AA8-8782-90FC2D6DCA24} = {9542F15E-FF2F-4193-A34D-C04DCC137625}
		{986BAC5C-11F2-479D-AFC2-E875D47BD686} = {9542F15E-FF2F-4193-A34D-C04DCC137625}
		{DEEFB8B5-9312-40AC-A593-CB1B3622FC02} = {986BAC5C-11F2-479D-AFC2-E875D47BD686}
		{AB0CD48C-1F47-43D3-921A-FD88A3C8D051} = {3A22A1C9-D6DF-4167-923F-F3D1B4C3C73B}
		{D60B947A-1344-4249-B6FF-EBACD75052FB} = {3A22A1C9-D6DF-4167-923F-F3D1B4C3C73B}
		{11181BA0-EC30-47A8-80B8-17614D0ECE05} = {986BAC5C-11F2-479D-AFC2-E875D47BD686}
		{509ADEA0-D638-4387-B501-35533C153BED} = {986BAC5C-11F2-479D-AFC2-E875D47BD686}
	EndGlobalSection
	GlobalSection(ExtensibilityGlobals) = postSolution
		SolutionGuid = {C73CD30A-B7F0-46F6-9F22-12EAAB0C1DC7}
	EndGlobalSection
EndGlobal
